
Microsoft Visual Studio Solution File, Format Version 12.00
# Visual Studio Version 17
VisualStudioVersion = 17.9.34728.123
MinimumVisualStudioVersion = 10.0.40219.1
Project("{2150E333-8FDC-42A3-9474-1A3956D46DE8}") = "Services", "Services", "{012B11FB-B120-4C24-9795-4A50A3292AD0}"
EndProject
Project("{2150E333-8FDC-42A3-9474-1A3956D46DE8}") = "Catalog", "Catalog", "{A90FCCCA-CADB-47E9-92DA-C065705740E6}"
EndProject
Project("{FAE04EC0-301F-11D3-BF4B-00C04F79EFBC}") = "Catalog.API", "..\src\Services\Catalog\Catalog.API\Catalog.API.csproj", "{569E6194-4106-40E9-B7D2-B8771845EF76}"
EndProject
Global
	GlobalSection(SolutionConfigurationPlatforms) = preSolution
		Debug|Any CPU = Debug|Any CPU
		Release|Any CPU = Release|Any CPU
	EndGlobalSection
	GlobalSection(ProjectConfigurationPlatforms) = postSolution
		{569E6194-4106-40E9-B7D2-B8771845EF76}.Debug|Any CPU.ActiveCfg = Debug|Any CPU
		{569E6194-4106-40E9-B7D2-B8771845EF76}.Debug|Any CPU.Build.0 = Debug|Any CPU
		{569E6194-4106-40E9-B7D2-B8771845EF76}.Release|Any CPU.ActiveCfg = Release|Any CPU
		{569E6194-4106-40E9-B7D2-B8771845EF76}.Release|Any CPU.Build.0 = Release|Any CPU
	EndGlobalSection
	GlobalSection(SolutionProperties) = preSolution
		HideSolutionNode = FALSE
	EndGlobalSection
	GlobalSection(NestedProjects) = preSolution
		{A90FCCCA-CADB-47E9-92DA-C065705740E6} = {012B11FB-B120-4C24-9795-4A50A3292AD0}
		{569E6194-4106-40E9-B7D2-B8771845EF76} = {A90FCCCA-CADB-47E9-92DA-C065705740E6}
	EndGlobalSection
	GlobalSection(ExtensibilityGlobals) = postSolution
		SolutionGuid = {F715A956-180F-4C8A-A0E0-E498651242DF}
	EndGlobalSection
EndGlobal
